
Microsoft Visual Studio Solution File, Format Version 12.00
# Visual Studio 2012
Project("{FAE04EC0-301F-11D3-BF4B-00C04F79EFBC}") = "RegularValidator", "RegularValidator\RegularValidator.csproj", "{65F42E47-0DFD-4F8E-90A1-9BE6E441EE0F}"
EndProject
Project("{FAE04EC0-301F-11D3-BF4B-00C04F79EFBC}") = "RunValidations", "RunValidations\RunValidations.csproj", "{9130E513-A6A8-43D5-A7C4-603A1D470300}"
EndProject
Project("{FAE04EC0-301F-11D3-BF4B-00C04F79EFBC}") = "RegularValidator.Tests", "RegularValidator.Tests\RegularValidator.Tests.csproj", "{D4AF885C-BF4F-46BB-80C9-BD8E947071DC}"
EndProject
Global
	GlobalSection(SolutionConfigurationPlatforms) = preSolution
		Debug|Any CPU = Debug|Any CPU
		Release|Any CPU = Release|Any CPU
	EndGlobalSection
	GlobalSection(ProjectConfigurationPlatforms) = postSolution
		{65F42E47-0DFD-4F8E-90A1-9BE6E441EE0F}.Debug|Any CPU.ActiveCfg = Debug|Any CPU
		{65F42E47-0DFD-4F8E-90A1-9BE6E441EE0F}.Debug|Any CPU.Build.0 = Debug|Any CPU
		{65F42E47-0DFD-4F8E-90A1-9BE6E441EE0F}.Release|Any CPU.ActiveCfg = Release|Any CPU
		{65F42E47-0DFD-4F8E-90A1-9BE6E441EE0F}.Release|Any CPU.Build.0 = Release|Any CPU
		{9130E513-A6A8-43D5-A7C4-603A1D470300}.Debug|Any CPU.ActiveCfg = Debug|Any CPU
		{9130E513-A6A8-43D5-A7C4-603A1D470300}.Debug|Any CPU.Build.0 = Debug|Any CPU
		{9130E513-A6A8-43D5-A7C4-603A1D470300}.Release|Any CPU.ActiveCfg = Release|Any CPU
		{9130E513-A6A8-43D5-A7C4-603A1D470300}.Release|Any CPU.Build.0 = Release|Any CPU
		{D4AF885C-BF4F-46BB-80C9-BD8E947071DC}.Debug|Any CPU.ActiveCfg = Debug|Any CPU
		{D4AF885C-BF4F-46BB-80C9-BD8E947071DC}.Debug|Any CPU.Build.0 = Debug|Any CPU
		{D4AF885C-BF4F-46BB-80C9-BD8E947071DC}.Release|Any CPU.ActiveCfg = Release|Any CPU
		{D4AF885C-BF4F-46BB-80C9-BD8E947071DC}.Release|Any CPU.Build.0 = Release|Any CPU
	EndGlobalSection
EndGlobal
