
Microsoft Visual Studio Solution File, Format Version 12.00
# Visual Studio 14
VisualStudioVersion = 14.0.25420.1
MinimumVisualStudioVersion = 10.0.40219.1
Project("{FAE04EC0-301F-11D3-BF4B-00C04F79EFBC}") = "RegularValidator", "RegularValidator\RegularValidator.csproj", "{65F42E47-0DFD-4F8E-90A1-9BE6E441EE0F}"
EndProject
Project("{FAE04EC0-301F-11D3-BF4B-00C04F79EFBC}") = "RunValidations", "RunValidations\RunValidations.csproj", "{9130E513-A6A8-43D5-A7C4-603A1D470300}"
EndProject
Project("{FAE04EC0-301F-11D3-BF4B-00C04F79EFBC}") = "RegularValidator.Tests", "RegularValidator.Tests\RegularValidator.Tests.csproj", "{5CA9C284-1BFD-4092-B250-E9DFC71F40BF}"
EndProject
Global
	GlobalSection(SolutionConfigurationPlatforms) = preSolution
		Debug|Any CPU = Debug|Any CPU
		Release|Any CPU = Release|Any CPU
	EndGlobalSection
	GlobalSection(ProjectConfigurationPlatforms) = postSolution
		{65F42E47-0DFD-4F8E-90A1-9BE6E441EE0F}.Debug|Any CPU.ActiveCfg = Debug|Any CPU
		{65F42E47-0DFD-4F8E-90A1-9BE6E441EE0F}.Debug|Any CPU.Build.0 = Debug|Any CPU
		{65F42E47-0DFD-4F8E-90A1-9BE6E441EE0F}.Release|Any CPU.ActiveCfg = Release|Any CPU
		{65F42E47-0DFD-4F8E-90A1-9BE6E441EE0F}.Release|Any CPU.Build.0 = Release|Any CPU
		{9130E513-A6A8-43D5-A7C4-603A1D470300}.Debug|Any CPU.ActiveCfg = Debug|Any CPU
		{9130E513-A6A8-43D5-A7C4-603A1D470300}.Debug|Any CPU.Build.0 = Debug|Any CPU
		{9130E513-A6A8-43D5-A7C4-603A1D470300}.Release|Any CPU.ActiveCfg = Release|Any CPU
		{9130E513-A6A8-43D5-A7C4-603A1D470300}.Release|Any CPU.Build.0 = Release|Any CPU
		{5CA9C284-1BFD-4092-B250-E9DFC71F40BF}.Debug|Any CPU.ActiveCfg = Debug|Any CPU
		{5CA9C284-1BFD-4092-B250-E9DFC71F40BF}.Debug|Any CPU.Build.0 = Debug|Any CPU
		{5CA9C284-1BFD-4092-B250-E9DFC71F40BF}.Release|Any CPU.ActiveCfg = Release|Any CPU
		{5CA9C284-1BFD-4092-B250-E9DFC71F40BF}.Release|Any CPU.Build.0 = Release|Any CPU
	EndGlobalSection
	GlobalSection(SolutionProperties) = preSolution
		HideSolutionNode = FALSE
	EndGlobalSection
EndGlobal
